// !$*UTF8*$!
{
	archiveVersion = 1;
	classes = {
	};
	objectVersion = 52;
	objects = {

/* Begin PBXBuildFile section */
		EC128A69265B7F1D00D112F0 /* ListPlaylistCollectionViewCell.swift in Sources */ = {isa = PBXBuildFile; fileRef = EC128A67265B7F1D00D112F0 /* ListPlaylistCollectionViewCell.swift */; };
		EC128A6A265B7F1D00D112F0 /* ListPlaylistCollectionViewCell.xib in Resources */ = {isa = PBXBuildFile; fileRef = EC128A68265B7F1D00D112F0 /* ListPlaylistCollectionViewCell.xib */; };
		EC237A9326555BC00053BBF9 /* PlaylistViewController.swift in Sources */ = {isa = PBXBuildFile; fileRef = EC237A9126555BC00053BBF9 /* PlaylistViewController.swift */; };
		EC237A9426555BC00053BBF9 /* PlaylistViewController.xib in Resources */ = {isa = PBXBuildFile; fileRef = EC237A9226555BC00053BBF9 /* PlaylistViewController.xib */; };
		EC237A9826555F680053BBF9 /* AddNewPlaylistViewController.swift in Sources */ = {isa = PBXBuildFile; fileRef = EC237A9626555F680053BBF9 /* AddNewPlaylistViewController.swift */; };
		EC237A9926555F680053BBF9 /* AddNewPlaylistViewController.xib in Resources */ = {isa = PBXBuildFile; fileRef = EC237A9726555F680053BBF9 /* AddNewPlaylistViewController.xib */; };
		EC3FC3DC264BBF6500820D84 /* PlayerViewController.swift in Sources */ = {isa = PBXBuildFile; fileRef = EC3FC3DA264BBF6500820D84 /* PlayerViewController.swift */; };
		EC3FC3DD264BBF6500820D84 /* PlayerViewController.xib in Resources */ = {isa = PBXBuildFile; fileRef = EC3FC3DB264BBF6500820D84 /* PlayerViewController.xib */; };
		EC47C1422653678F005C52B9 /* Database.swift in Sources */ = {isa = PBXBuildFile; fileRef = EC47C1412653678F005C52B9 /* Database.swift */; };
		EC47C14826536887005C52B9 /* APIKey.swift in Sources */ = {isa = PBXBuildFile; fileRef = EC47C14726536887005C52B9 /* APIKey.swift */; };
		EC49C802265E2FE700BE617B /* PlayMusic.swift in Sources */ = {isa = PBXBuildFile; fileRef = EC49C801265E2FE700BE617B /* PlayMusic.swift */; };
		EC6519E2264A303F007BA2FD /* URLString.swift in Sources */ = {isa = PBXBuildFile; fileRef = EC6519E0264A303F007BA2FD /* URLString.swift */; };
		EC6519E3264A303F007BA2FD /* APIServices.swift in Sources */ = {isa = PBXBuildFile; fileRef = EC6519E1264A303F007BA2FD /* APIServices.swift */; };
		EC6519E6264A3048007BA2FD /* TrackModel.swift in Sources */ = {isa = PBXBuildFile; fileRef = EC6519E4264A3048007BA2FD /* TrackModel.swift */; };
		EC6519E7264A3048007BA2FD /* UserModel.swift in Sources */ = {isa = PBXBuildFile; fileRef = EC6519E5264A3048007BA2FD /* UserModel.swift */; };
		EC6B4392264B6BBA00D0825A /* HomeListTrackCollectionViewCell.swift in Sources */ = {isa = PBXBuildFile; fileRef = EC6B4390264B6BBA00D0825A /* HomeListTrackCollectionViewCell.swift */; };
		EC6B4393264B6BBA00D0825A /* HomeListTrackCollectionViewCell.xib in Resources */ = {isa = PBXBuildFile; fileRef = EC6B4391264B6BBA00D0825A /* HomeListTrackCollectionViewCell.xib */; };
		EC6B4396264B6CAA00D0825A /* HomeGenreLabelCollectionViewCell.swift in Sources */ = {isa = PBXBuildFile; fileRef = EC6B4394264B6CAA00D0825A /* HomeGenreLabelCollectionViewCell.swift */; };
		EC6B4397264B6CAA00D0825A /* HomeGenreLabelCollectionViewCell.xib in Resources */ = {isa = PBXBuildFile; fileRef = EC6B4395264B6CAA00D0825A /* HomeGenreLabelCollectionViewCell.xib */; };
		EC6B4399264B70F000D0825A /* UIView+.swift in Sources */ = {isa = PBXBuildFile; fileRef = EC6B4398264B70F000D0825A /* UIView+.swift */; };
		EC6B439D264B75E300D0825A /* HomeTrackCollectionViewCell.swift in Sources */ = {isa = PBXBuildFile; fileRef = EC6B439B264B75E300D0825A /* HomeTrackCollectionViewCell.swift */; };
		EC6B439E264B75E300D0825A /* HomeTrackCollectionViewCell.xib in Resources */ = {isa = PBXBuildFile; fileRef = EC6B439C264B75E300D0825A /* HomeTrackCollectionViewCell.xib */; };
		EC6B43A1264B8B2900D0825A /* Then in Frameworks */ = {isa = PBXBuildFile; productRef = EC6B43A0264B8B2900D0825A /* Then */; };
		EC6B43A4264B8B4100D0825A /* Reusable in Frameworks */ = {isa = PBXBuildFile; productRef = EC6B43A3264B8B4100D0825A /* Reusable */; };
		EC72AA152648DD8B00E2F4EC /* AppDelegate.swift in Sources */ = {isa = PBXBuildFile; fileRef = EC72AA142648DD8B00E2F4EC /* AppDelegate.swift */; };
		EC72AA172648DD8B00E2F4EC /* SceneDelegate.swift in Sources */ = {isa = PBXBuildFile; fileRef = EC72AA162648DD8B00E2F4EC /* SceneDelegate.swift */; };
		EC72AA1E2648DD8E00E2F4EC /* Assets.xcassets in Resources */ = {isa = PBXBuildFile; fileRef = EC72AA1D2648DD8E00E2F4EC /* Assets.xcassets */; };
		EC72AA212648DD8E00E2F4EC /* LaunchScreen.storyboard in Resources */ = {isa = PBXBuildFile; fileRef = EC72AA1F2648DD8E00E2F4EC /* LaunchScreen.storyboard */; };
		EC72AA302648DF2600E2F4EC /* TabBarViewController.swift in Sources */ = {isa = PBXBuildFile; fileRef = EC72AA2F2648DF2600E2F4EC /* TabBarViewController.swift */; };
		EC73FC682655F83100F82771 /* LikedTrackEntity.swift in Sources */ = {isa = PBXBuildFile; fileRef = EC73FC672655F83100F82771 /* LikedTrackEntity.swift */; };
		EC73FC6A2656008F00F82771 /* PlaylistEntity.swift in Sources */ = {isa = PBXBuildFile; fileRef = EC73FC692656008F00F82771 /* PlaylistEntity.swift */; };
		EC73FC6C265600B700F82771 /* TrackEntity.swift in Sources */ = {isa = PBXBuildFile; fileRef = EC73FC6B265600B700F82771 /* TrackEntity.swift */; };
		EC763CD32654FE9F00A148FF /* PlaylistCollectionViewCell.swift in Sources */ = {isa = PBXBuildFile; fileRef = EC763CD12654FE9F00A148FF /* PlaylistCollectionViewCell.swift */; };
		EC763CD42654FE9F00A148FF /* PlaylistCollectionViewCell.xib in Resources */ = {isa = PBXBuildFile; fileRef = EC763CD22654FE9F00A148FF /* PlaylistCollectionViewCell.xib */; };
		EC763CD82654FFB800A148FF /* TrackCollectionViewCell.swift in Sources */ = {isa = PBXBuildFile; fileRef = EC763CD62654FFB800A148FF /* TrackCollectionViewCell.swift */; };
		EC763CD92654FFB800A148FF /* TrackCollectionViewCell.xib in Resources */ = {isa = PBXBuildFile; fileRef = EC763CD72654FFB800A148FF /* TrackCollectionViewCell.xib */; };
		EC763CDC265507DB00A148FF /* AddPlaylistCollectionViewCell.swift in Sources */ = {isa = PBXBuildFile; fileRef = EC763CDA265507DB00A148FF /* AddPlaylistCollectionViewCell.swift */; };
		EC763CDD265507DB00A148FF /* AddPlaylistCollectionViewCell.xib in Resources */ = {isa = PBXBuildFile; fileRef = EC763CDB265507DB00A148FF /* AddPlaylistCollectionViewCell.xib */; };
		EC79C75126522CF80063EB28 /* SearchResultsCellCollectionViewCell.swift in Sources */ = {isa = PBXBuildFile; fileRef = EC79C74F26522CF80063EB28 /* SearchResultsCellCollectionViewCell.swift */; };
		EC79C75226522CF80063EB28 /* SearchResultsCellCollectionViewCell.xib in Resources */ = {isa = PBXBuildFile; fileRef = EC79C75026522CF80063EB28 /* SearchResultsCellCollectionViewCell.xib */; };
		EC79C75526522FB00063EB28 /* SearchResultsViewController.swift in Sources */ = {isa = PBXBuildFile; fileRef = EC79C75326522FB00063EB28 /* SearchResultsViewController.swift */; };
		EC79C75626522FB00063EB28 /* SearchResultsViewController.xib in Resources */ = {isa = PBXBuildFile; fileRef = EC79C75426522FB00063EB28 /* SearchResultsViewController.xib */; };
		EC79C758265260A80063EB28 /* UIImageView+.swift in Sources */ = {isa = PBXBuildFile; fileRef = EC79C757265260A80063EB28 /* UIImageView+.swift */; };
		EC7FEF172656AD760047DCE0 /* TrackAndPlaylistSettingViewController.swift in Sources */ = {isa = PBXBuildFile; fileRef = EC7FEF152656AD760047DCE0 /* TrackAndPlaylistSettingViewController.swift */; };
		EC7FEF182656AD760047DCE0 /* TrackAndPlaylistSettingViewController.xib in Resources */ = {isa = PBXBuildFile; fileRef = EC7FEF162656AD760047DCE0 /* TrackAndPlaylistSettingViewController.xib */; };
		EC7FEF1C2656B0580047DCE0 /* OptionCollectionViewCell.swift in Sources */ = {isa = PBXBuildFile; fileRef = EC7FEF1A2656B0580047DCE0 /* OptionCollectionViewCell.swift */; };
		EC7FEF1D2656B0580047DCE0 /* OptionCollectionViewCell.xib in Resources */ = {isa = PBXBuildFile; fileRef = EC7FEF1B2656B0580047DCE0 /* OptionCollectionViewCell.xib */; };
		EC7FEF232656B3B10047DCE0 /* DetailCollectionViewCell.swift in Sources */ = {isa = PBXBuildFile; fileRef = EC7FEF212656B3B10047DCE0 /* DetailCollectionViewCell.swift */; };
		EC7FEF242656B3B10047DCE0 /* DetailCollectionViewCell.xib in Resources */ = {isa = PBXBuildFile; fileRef = EC7FEF222656B3B10047DCE0 /* DetailCollectionViewCell.xib */; };
		EC7FEF282656C6CA0047DCE0 /* AddSongViewController.swift in Sources */ = {isa = PBXBuildFile; fileRef = EC7FEF262656C6CA0047DCE0 /* AddSongViewController.swift */; };
		EC7FEF292656C6CA0047DCE0 /* AddSongViewController.xib in Resources */ = {isa = PBXBuildFile; fileRef = EC7FEF272656C6CA0047DCE0 /* AddSongViewController.xib */; };
		EC7FEF2D2656D54B0047DCE0 /* AddSongCellCollectionViewCell.swift in Sources */ = {isa = PBXBuildFile; fileRef = EC7FEF2B2656D54B0047DCE0 /* AddSongCellCollectionViewCell.swift */; };
		EC7FEF2E2656D54B0047DCE0 /* AddSongCellCollectionViewCell.xib in Resources */ = {isa = PBXBuildFile; fileRef = EC7FEF2C2656D54B0047DCE0 /* AddSongCellCollectionViewCell.xib */; };
		EC958C102658EB350039E67F /* ListPlaylistViewController.swift in Sources */ = {isa = PBXBuildFile; fileRef = EC958C0E2658EB350039E67F /* ListPlaylistViewController.swift */; };
		EC958C112658EB350039E67F /* ListPlaylistViewController.xib in Resources */ = {isa = PBXBuildFile; fileRef = EC958C0F2658EB350039E67F /* ListPlaylistViewController.xib */; };
		ECA8AC8A265156AD008769F1 /* SearchByGenreCollectionViewCell.swift in Sources */ = {isa = PBXBuildFile; fileRef = ECA8AC88265156AD008769F1 /* SearchByGenreCollectionViewCell.swift */; };
		ECA8AC8B265156AD008769F1 /* SearchByGenreCollectionViewCell.xib in Resources */ = {isa = PBXBuildFile; fileRef = ECA8AC89265156AD008769F1 /* SearchByGenreCollectionViewCell.xib */; };
		ECB9B16F2665FA17006239B4 /* SnapKit in Frameworks */ = {isa = PBXBuildFile; productRef = ECB9B16E2665FA17006239B4 /* SnapKit */; };
		ECBC9EAE2657A97F000EC31D /* PlaylistTrackCellCollectionViewCell.swift in Sources */ = {isa = PBXBuildFile; fileRef = ECBC9EAC2657A97F000EC31D /* PlaylistTrackCellCollectionViewCell.swift */; };
		ECBC9EAF2657A97F000EC31D /* PlaylistTrackCellCollectionViewCell.xib in Resources */ = {isa = PBXBuildFile; fileRef = ECBC9EAD2657A97F000EC31D /* PlaylistTrackCellCollectionViewCell.xib */; };
		ECDA956B2648E7EE00970744 /* HomeViewController.swift in Sources */ = {isa = PBXBuildFile; fileRef = ECDA95692648E7EE00970744 /* HomeViewController.swift */; };
		ECDA956C2648E7EE00970744 /* HomeViewController.xib in Resources */ = {isa = PBXBuildFile; fileRef = ECDA956A2648E7EE00970744 /* HomeViewController.xib */; };
		ECDA95702648E80D00970744 /* SearchViewController.swift in Sources */ = {isa = PBXBuildFile; fileRef = ECDA956E2648E80D00970744 /* SearchViewController.swift */; };
		ECDA95712648E80D00970744 /* SearchViewController.xib in Resources */ = {isa = PBXBuildFile; fileRef = ECDA956F2648E80D00970744 /* SearchViewController.xib */; };
		ECDA95752648E82500970744 /* LibraryViewController.swift in Sources */ = {isa = PBXBuildFile; fileRef = ECDA95732648E82500970744 /* LibraryViewController.swift */; };
		ECDA95762648E82500970744 /* LibraryViewController.xib in Resources */ = {isa = PBXBuildFile; fileRef = ECDA95742648E82500970744 /* LibraryViewController.xib */; };
		ECDA95792648F0D100970744 /* TabBarItems.swift in Sources */ = {isa = PBXBuildFile; fileRef = ECDA95782648F0D100970744 /* TabBarItems.swift */; };
		ECE6333126600C5C009C6F08 /* PlayerModel.swift in Sources */ = {isa = PBXBuildFile; fileRef = ECE6333026600C5C009C6F08 /* PlayerModel.swift */; };
/* End PBXBuildFile section */

/* Begin PBXFileReference section */
		EC128A67265B7F1D00D112F0 /* ListPlaylistCollectionViewCell.swift */ = {isa = PBXFileReference; lastKnownFileType = sourcecode.swift; path = ListPlaylistCollectionViewCell.swift; sourceTree = "<group>"; };
		EC128A68265B7F1D00D112F0 /* ListPlaylistCollectionViewCell.xib */ = {isa = PBXFileReference; lastKnownFileType = file.xib; path = ListPlaylistCollectionViewCell.xib; sourceTree = "<group>"; };
		EC237A9126555BC00053BBF9 /* PlaylistViewController.swift */ = {isa = PBXFileReference; lastKnownFileType = sourcecode.swift; path = PlaylistViewController.swift; sourceTree = "<group>"; };
		EC237A9226555BC00053BBF9 /* PlaylistViewController.xib */ = {isa = PBXFileReference; lastKnownFileType = file.xib; path = PlaylistViewController.xib; sourceTree = "<group>"; };
		EC237A9626555F680053BBF9 /* AddNewPlaylistViewController.swift */ = {isa = PBXFileReference; lastKnownFileType = sourcecode.swift; path = AddNewPlaylistViewController.swift; sourceTree = "<group>"; };
		EC237A9726555F680053BBF9 /* AddNewPlaylistViewController.xib */ = {isa = PBXFileReference; lastKnownFileType = file.xib; path = AddNewPlaylistViewController.xib; sourceTree = "<group>"; };
		EC3FC3DA264BBF6500820D84 /* PlayerViewController.swift */ = {isa = PBXFileReference; lastKnownFileType = sourcecode.swift; path = PlayerViewController.swift; sourceTree = "<group>"; };
		EC3FC3DB264BBF6500820D84 /* PlayerViewController.xib */ = {isa = PBXFileReference; lastKnownFileType = file.xib; path = PlayerViewController.xib; sourceTree = "<group>"; };
		EC47C1412653678F005C52B9 /* Database.swift */ = {isa = PBXFileReference; lastKnownFileType = sourcecode.swift; path = Database.swift; sourceTree = "<group>"; };
		EC47C14726536887005C52B9 /* APIKey.swift */ = {isa = PBXFileReference; lastKnownFileType = sourcecode.swift; path = APIKey.swift; sourceTree = "<group>"; };
		EC49C801265E2FE700BE617B /* PlayMusic.swift */ = {isa = PBXFileReference; lastKnownFileType = sourcecode.swift; path = PlayMusic.swift; sourceTree = "<group>"; };
		EC6519E0264A303F007BA2FD /* URLString.swift */ = {isa = PBXFileReference; fileEncoding = 4; lastKnownFileType = sourcecode.swift; path = URLString.swift; sourceTree = "<group>"; };
		EC6519E1264A303F007BA2FD /* APIServices.swift */ = {isa = PBXFileReference; fileEncoding = 4; lastKnownFileType = sourcecode.swift; path = APIServices.swift; sourceTree = "<group>"; };
		EC6519E4264A3048007BA2FD /* TrackModel.swift */ = {isa = PBXFileReference; fileEncoding = 4; lastKnownFileType = sourcecode.swift; path = TrackModel.swift; sourceTree = "<group>"; };
		EC6519E5264A3048007BA2FD /* UserModel.swift */ = {isa = PBXFileReference; fileEncoding = 4; lastKnownFileType = sourcecode.swift; path = UserModel.swift; sourceTree = "<group>"; };
		EC6B4390264B6BBA00D0825A /* HomeListTrackCollectionViewCell.swift */ = {isa = PBXFileReference; lastKnownFileType = sourcecode.swift; path = HomeListTrackCollectionViewCell.swift; sourceTree = "<group>"; };
		EC6B4391264B6BBA00D0825A /* HomeListTrackCollectionViewCell.xib */ = {isa = PBXFileReference; lastKnownFileType = file.xib; path = HomeListTrackCollectionViewCell.xib; sourceTree = "<group>"; };
		EC6B4394264B6CAA00D0825A /* HomeGenreLabelCollectionViewCell.swift */ = {isa = PBXFileReference; lastKnownFileType = sourcecode.swift; path = HomeGenreLabelCollectionViewCell.swift; sourceTree = "<group>"; };
		EC6B4395264B6CAA00D0825A /* HomeGenreLabelCollectionViewCell.xib */ = {isa = PBXFileReference; lastKnownFileType = file.xib; path = HomeGenreLabelCollectionViewCell.xib; sourceTree = "<group>"; };
		EC6B4398264B70F000D0825A /* UIView+.swift */ = {isa = PBXFileReference; lastKnownFileType = sourcecode.swift; path = "UIView+.swift"; sourceTree = "<group>"; };
		EC6B439B264B75E300D0825A /* HomeTrackCollectionViewCell.swift */ = {isa = PBXFileReference; lastKnownFileType = sourcecode.swift; path = HomeTrackCollectionViewCell.swift; sourceTree = "<group>"; };
		EC6B439C264B75E300D0825A /* HomeTrackCollectionViewCell.xib */ = {isa = PBXFileReference; lastKnownFileType = file.xib; path = HomeTrackCollectionViewCell.xib; sourceTree = "<group>"; };
		EC72AA112648DD8B00E2F4EC /* SCPlayer.app */ = {isa = PBXFileReference; explicitFileType = wrapper.application; includeInIndex = 0; path = SCPlayer.app; sourceTree = BUILT_PRODUCTS_DIR; };
		EC72AA142648DD8B00E2F4EC /* AppDelegate.swift */ = {isa = PBXFileReference; lastKnownFileType = sourcecode.swift; path = AppDelegate.swift; sourceTree = "<group>"; };
		EC72AA162648DD8B00E2F4EC /* SceneDelegate.swift */ = {isa = PBXFileReference; lastKnownFileType = sourcecode.swift; path = SceneDelegate.swift; sourceTree = "<group>"; };
		EC72AA1D2648DD8E00E2F4EC /* Assets.xcassets */ = {isa = PBXFileReference; lastKnownFileType = folder.assetcatalog; path = Assets.xcassets; sourceTree = "<group>"; };
		EC72AA202648DD8E00E2F4EC /* Base */ = {isa = PBXFileReference; lastKnownFileType = file.storyboard; name = Base; path = Base.lproj/LaunchScreen.storyboard; sourceTree = "<group>"; };
		EC72AA222648DD8E00E2F4EC /* Info.plist */ = {isa = PBXFileReference; lastKnownFileType = text.plist.xml; path = Info.plist; sourceTree = "<group>"; };
		EC72AA2F2648DF2600E2F4EC /* TabBarViewController.swift */ = {isa = PBXFileReference; lastKnownFileType = sourcecode.swift; path = TabBarViewController.swift; sourceTree = "<group>"; };
		EC73FC672655F83100F82771 /* LikedTrackEntity.swift */ = {isa = PBXFileReference; lastKnownFileType = sourcecode.swift; path = LikedTrackEntity.swift; sourceTree = "<group>"; };
		EC73FC692656008F00F82771 /* PlaylistEntity.swift */ = {isa = PBXFileReference; lastKnownFileType = sourcecode.swift; path = PlaylistEntity.swift; sourceTree = "<group>"; };
		EC73FC6B265600B700F82771 /* TrackEntity.swift */ = {isa = PBXFileReference; lastKnownFileType = sourcecode.swift; path = TrackEntity.swift; sourceTree = "<group>"; };
		EC763CD12654FE9F00A148FF /* PlaylistCollectionViewCell.swift */ = {isa = PBXFileReference; lastKnownFileType = sourcecode.swift; path = PlaylistCollectionViewCell.swift; sourceTree = "<group>"; };
		EC763CD22654FE9F00A148FF /* PlaylistCollectionViewCell.xib */ = {isa = PBXFileReference; lastKnownFileType = file.xib; path = PlaylistCollectionViewCell.xib; sourceTree = "<group>"; };
		EC763CD62654FFB800A148FF /* TrackCollectionViewCell.swift */ = {isa = PBXFileReference; lastKnownFileType = sourcecode.swift; path = TrackCollectionViewCell.swift; sourceTree = "<group>"; };
		EC763CD72654FFB800A148FF /* TrackCollectionViewCell.xib */ = {isa = PBXFileReference; lastKnownFileType = file.xib; path = TrackCollectionViewCell.xib; sourceTree = "<group>"; };
		EC763CDA265507DB00A148FF /* AddPlaylistCollectionViewCell.swift */ = {isa = PBXFileReference; lastKnownFileType = sourcecode.swift; path = AddPlaylistCollectionViewCell.swift; sourceTree = "<group>"; };
		EC763CDB265507DB00A148FF /* AddPlaylistCollectionViewCell.xib */ = {isa = PBXFileReference; lastKnownFileType = file.xib; path = AddPlaylistCollectionViewCell.xib; sourceTree = "<group>"; };
		EC79C74F26522CF80063EB28 /* SearchResultsCellCollectionViewCell.swift */ = {isa = PBXFileReference; lastKnownFileType = sourcecode.swift; path = SearchResultsCellCollectionViewCell.swift; sourceTree = "<group>"; };
		EC79C75026522CF80063EB28 /* SearchResultsCellCollectionViewCell.xib */ = {isa = PBXFileReference; lastKnownFileType = file.xib; path = SearchResultsCellCollectionViewCell.xib; sourceTree = "<group>"; };
		EC79C75326522FB00063EB28 /* SearchResultsViewController.swift */ = {isa = PBXFileReference; lastKnownFileType = sourcecode.swift; path = SearchResultsViewController.swift; sourceTree = "<group>"; };
		EC79C75426522FB00063EB28 /* SearchResultsViewController.xib */ = {isa = PBXFileReference; lastKnownFileType = file.xib; path = SearchResultsViewController.xib; sourceTree = "<group>"; };
		EC79C757265260A80063EB28 /* UIImageView+.swift */ = {isa = PBXFileReference; lastKnownFileType = sourcecode.swift; path = "UIImageView+.swift"; sourceTree = "<group>"; };
		EC7FEF152656AD760047DCE0 /* TrackAndPlaylistSettingViewController.swift */ = {isa = PBXFileReference; lastKnownFileType = sourcecode.swift; path = TrackAndPlaylistSettingViewController.swift; sourceTree = "<group>"; };
		EC7FEF162656AD760047DCE0 /* TrackAndPlaylistSettingViewController.xib */ = {isa = PBXFileReference; lastKnownFileType = file.xib; path = TrackAndPlaylistSettingViewController.xib; sourceTree = "<group>"; };
		EC7FEF1A2656B0580047DCE0 /* OptionCollectionViewCell.swift */ = {isa = PBXFileReference; lastKnownFileType = sourcecode.swift; path = OptionCollectionViewCell.swift; sourceTree = "<group>"; };
		EC7FEF1B2656B0580047DCE0 /* OptionCollectionViewCell.xib */ = {isa = PBXFileReference; lastKnownFileType = file.xib; path = OptionCollectionViewCell.xib; sourceTree = "<group>"; };
		EC7FEF212656B3B10047DCE0 /* DetailCollectionViewCell.swift */ = {isa = PBXFileReference; lastKnownFileType = sourcecode.swift; path = DetailCollectionViewCell.swift; sourceTree = "<group>"; };
		EC7FEF222656B3B10047DCE0 /* DetailCollectionViewCell.xib */ = {isa = PBXFileReference; lastKnownFileType = file.xib; path = DetailCollectionViewCell.xib; sourceTree = "<group>"; };
		EC7FEF262656C6CA0047DCE0 /* AddSongViewController.swift */ = {isa = PBXFileReference; lastKnownFileType = sourcecode.swift; path = AddSongViewController.swift; sourceTree = "<group>"; };
		EC7FEF272656C6CA0047DCE0 /* AddSongViewController.xib */ = {isa = PBXFileReference; lastKnownFileType = file.xib; path = AddSongViewController.xib; sourceTree = "<group>"; };
		EC7FEF2B2656D54B0047DCE0 /* AddSongCellCollectionViewCell.swift */ = {isa = PBXFileReference; lastKnownFileType = sourcecode.swift; path = AddSongCellCollectionViewCell.swift; sourceTree = "<group>"; };
		EC7FEF2C2656D54B0047DCE0 /* AddSongCellCollectionViewCell.xib */ = {isa = PBXFileReference; lastKnownFileType = file.xib; path = AddSongCellCollectionViewCell.xib; sourceTree = "<group>"; };
		EC958C0E2658EB350039E67F /* ListPlaylistViewController.swift */ = {isa = PBXFileReference; lastKnownFileType = sourcecode.swift; path = ListPlaylistViewController.swift; sourceTree = "<group>"; };
		EC958C0F2658EB350039E67F /* ListPlaylistViewController.xib */ = {isa = PBXFileReference; lastKnownFileType = file.xib; path = ListPlaylistViewController.xib; sourceTree = "<group>"; };
		ECA8AC88265156AD008769F1 /* SearchByGenreCollectionViewCell.swift */ = {isa = PBXFileReference; lastKnownFileType = sourcecode.swift; path = SearchByGenreCollectionViewCell.swift; sourceTree = "<group>"; };
		ECA8AC89265156AD008769F1 /* SearchByGenreCollectionViewCell.xib */ = {isa = PBXFileReference; lastKnownFileType = file.xib; path = SearchByGenreCollectionViewCell.xib; sourceTree = "<group>"; };
		ECBC9EAC2657A97F000EC31D /* PlaylistTrackCellCollectionViewCell.swift */ = {isa = PBXFileReference; lastKnownFileType = sourcecode.swift; path = PlaylistTrackCellCollectionViewCell.swift; sourceTree = "<group>"; };
		ECBC9EAD2657A97F000EC31D /* PlaylistTrackCellCollectionViewCell.xib */ = {isa = PBXFileReference; lastKnownFileType = file.xib; path = PlaylistTrackCellCollectionViewCell.xib; sourceTree = "<group>"; };
		ECDA95692648E7EE00970744 /* HomeViewController.swift */ = {isa = PBXFileReference; lastKnownFileType = sourcecode.swift; path = HomeViewController.swift; sourceTree = "<group>"; };
		ECDA956A2648E7EE00970744 /* HomeViewController.xib */ = {isa = PBXFileReference; lastKnownFileType = file.xib; path = HomeViewController.xib; sourceTree = "<group>"; };
		ECDA956E2648E80D00970744 /* SearchViewController.swift */ = {isa = PBXFileReference; lastKnownFileType = sourcecode.swift; path = SearchViewController.swift; sourceTree = "<group>"; };
		ECDA956F2648E80D00970744 /* SearchViewController.xib */ = {isa = PBXFileReference; lastKnownFileType = file.xib; path = SearchViewController.xib; sourceTree = "<group>"; };
		ECDA95732648E82500970744 /* LibraryViewController.swift */ = {isa = PBXFileReference; lastKnownFileType = sourcecode.swift; path = LibraryViewController.swift; sourceTree = "<group>"; };
		ECDA95742648E82500970744 /* LibraryViewController.xib */ = {isa = PBXFileReference; lastKnownFileType = file.xib; path = LibraryViewController.xib; sourceTree = "<group>"; };
		ECDA95782648F0D100970744 /* TabBarItems.swift */ = {isa = PBXFileReference; lastKnownFileType = sourcecode.swift; path = TabBarItems.swift; sourceTree = "<group>"; };
		ECE6333026600C5C009C6F08 /* PlayerModel.swift */ = {isa = PBXFileReference; lastKnownFileType = sourcecode.swift; path = PlayerModel.swift; sourceTree = "<group>"; };
/* End PBXFileReference section */

/* Begin PBXFrameworksBuildPhase section */
		EC72AA0E2648DD8B00E2F4EC /* Frameworks */ = {
			isa = PBXFrameworksBuildPhase;
			buildActionMask = 2147483647;
			files = (
				ECB9B16F2665FA17006239B4 /* SnapKit in Frameworks */,
				EC6B43A1264B8B2900D0825A /* Then in Frameworks */,
				EC6B43A4264B8B4100D0825A /* Reusable in Frameworks */,
			);
			runOnlyForDeploymentPostprocessing = 0;
		};
/* End PBXFrameworksBuildPhase section */

/* Begin PBXGroup section */
		EC128A66265B7EF100D112F0 /* List Playlist Cell */ = {
			isa = PBXGroup;
			children = (
				EC128A67265B7F1D00D112F0 /* ListPlaylistCollectionViewCell.swift */,
				EC128A68265B7F1D00D112F0 /* ListPlaylistCollectionViewCell.xib */,
			);
			path = "List Playlist Cell";
			sourceTree = "<group>";
		};
		EC237A9026555B920053BBF9 /* Playlist Screen */ = {
			isa = PBXGroup;
			children = (
				ECBC9EAB2657A96A000EC31D /* Play List Track Cell */,
				EC237A9126555BC00053BBF9 /* PlaylistViewController.swift */,
				EC237A9226555BC00053BBF9 /* PlaylistViewController.xib */,
			);
			path = "Playlist Screen";
			sourceTree = "<group>";
		};
		EC237A9526555F440053BBF9 /* Add New Playlist Screen */ = {
			isa = PBXGroup;
			children = (
				EC237A9626555F680053BBF9 /* AddNewPlaylistViewController.swift */,
				EC237A9726555F680053BBF9 /* AddNewPlaylistViewController.xib */,
			);
			path = "Add New Playlist Screen";
			sourceTree = "<group>";
		};
		EC237A9A265560460053BBF9 /* Home Genre Label Cell */ = {
			isa = PBXGroup;
			children = (
				EC6B4394264B6CAA00D0825A /* HomeGenreLabelCollectionViewCell.swift */,
				EC6B4395264B6CAA00D0825A /* HomeGenreLabelCollectionViewCell.xib */,
			);
			path = "Home Genre Label Cell";
			sourceTree = "<group>";
		};
		EC3FC3D8264BBF3000820D84 /* Orthers */ = {
			isa = PBXGroup;
			children = (
				EC958C0D2658EB0A0039E67F /* List Playlist Screen */,
				EC7FEF252656C6AA0047DCE0 /* Add New Song For Playlist Screen */,
				EC7FEF132656AD300047DCE0 /* Track and Playlist Setting */,
				EC237A9526555F440053BBF9 /* Add New Playlist Screen */,
				EC237A9026555B920053BBF9 /* Playlist Screen */,
				ECA8AC8C2651785D008769F1 /* Search Results Screen */,
				EC3FC3D9264BBF4300820D84 /* Player Screen */,
			);
			path = Orthers;
			sourceTree = "<group>";
		};
		EC3FC3D9264BBF4300820D84 /* Player Screen */ = {
			isa = PBXGroup;
			children = (
				EC3FC3DA264BBF6500820D84 /* PlayerViewController.swift */,
				EC3FC3DB264BBF6500820D84 /* PlayerViewController.xib */,
			);
			path = "Player Screen";
			sourceTree = "<group>";
		};
		EC47C13D2653673F005C52B9 /* Database */ = {
			isa = PBXGroup;
			children = (
				EC47C1412653678F005C52B9 /* Database.swift */,
				EC73FC672655F83100F82771 /* LikedTrackEntity.swift */,
				EC73FC692656008F00F82771 /* PlaylistEntity.swift */,
				EC73FC6B265600B700F82771 /* TrackEntity.swift */,
			);
			path = Database;
			sourceTree = "<group>";
		};
		EC6519DE264A2FF3007BA2FD /* Managers */ = {
			isa = PBXGroup;
			children = (
				EC6519E1264A303F007BA2FD /* APIServices.swift */,
				EC6519E0264A303F007BA2FD /* URLString.swift */,
				EC47C14726536887005C52B9 /* APIKey.swift */,
				EC49C801265E2FE700BE617B /* PlayMusic.swift */,
			);
			path = Managers;
			sourceTree = "<group>";
		};
		EC6519DF264A2FFB007BA2FD /* Models */ = {
			isa = PBXGroup;
			children = (
				EC6519E4264A3048007BA2FD /* TrackModel.swift */,
				EC6519E5264A3048007BA2FD /* UserModel.swift */,
				ECE6333026600C5C009C6F08 /* PlayerModel.swift */,
			);
			path = Models;
			sourceTree = "<group>";
		};
		EC6B438B264B6ADA00D0825A /* Home Screen Cell */ = {
			isa = PBXGroup;
			children = (
				EC237A9A265560460053BBF9 /* Home Genre Label Cell */,
				EC6B439A264B75C100D0825A /* Home List Track */,
			);
			path = "Home Screen Cell";
			sourceTree = "<group>";
		};
		EC6B439A264B75C100D0825A /* Home List Track */ = {
			isa = PBXGroup;
			children = (
				EC6B4390264B6BBA00D0825A /* HomeListTrackCollectionViewCell.swift */,
				EC6B4391264B6BBA00D0825A /* HomeListTrackCollectionViewCell.xib */,
				EC6B439B264B75E300D0825A /* HomeTrackCollectionViewCell.swift */,
				EC6B439C264B75E300D0825A /* HomeTrackCollectionViewCell.xib */,
			);
			path = "Home List Track";
			sourceTree = "<group>";
		};
		EC72AA082648DD8B00E2F4EC = {
			isa = PBXGroup;
			children = (
				EC72AA132648DD8B00E2F4EC /* SCPlayer */,
				EC72AA122648DD8B00E2F4EC /* Products */,
			);
			sourceTree = "<group>";
		};
		EC72AA122648DD8B00E2F4EC /* Products */ = {
			isa = PBXGroup;
			children = (
				EC72AA112648DD8B00E2F4EC /* SCPlayer.app */,
			);
			name = Products;
			sourceTree = "<group>";
		};
		EC72AA132648DD8B00E2F4EC /* SCPlayer */ = {
			isa = PBXGroup;
			children = (
				EC72AA2D2648DDE800E2F4EC /* Resources */,
				EC47C13D2653673F005C52B9 /* Database */,
				EC6519DF264A2FFB007BA2FD /* Models */,
				EC6519DE264A2FF3007BA2FD /* Managers */,
				EC72AA292648DDA300E2F4EC /* Views */,
				EC72AA282648DD9A00E2F4EC /* Controllers */,
				EC72AA222648DD8E00E2F4EC /* Info.plist */,
			);
			path = SCPlayer;
			sourceTree = "<group>";
		};
		EC72AA282648DD9A00E2F4EC /* Controllers */ = {
			isa = PBXGroup;
			children = (
				EC3FC3D8264BBF3000820D84 /* Orthers */,
				EC72AA2E2648DEF600E2F4EC /* Cores */,
			);
			path = Controllers;
			sourceTree = "<group>";
		};
		EC72AA292648DDA300E2F4EC /* Views */ = {
			isa = PBXGroup;
			children = (
				EC72AA1F2648DD8E00E2F4EC /* LaunchScreen.storyboard */,
			);
			path = Views;
			sourceTree = "<group>";
		};
		EC72AA2D2648DDE800E2F4EC /* Resources */ = {
			isa = PBXGroup;
			children = (
				EC72AA142648DD8B00E2F4EC /* AppDelegate.swift */,
				EC72AA162648DD8B00E2F4EC /* SceneDelegate.swift */,
				EC72AA1D2648DD8E00E2F4EC /* Assets.xcassets */,
				EC6B4398264B70F000D0825A /* UIView+.swift */,
				EC79C757265260A80063EB28 /* UIImageView+.swift */,
			);
			path = Resources;
			sourceTree = "<group>";
		};
		EC72AA2E2648DEF600E2F4EC /* Cores */ = {
			isa = PBXGroup;
			children = (
				ECDA95772648F0B800970744 /* TabBar */,
				ECDA95682648E7D600970744 /* Home Screen */,
				ECDA956D2648E7F200970744 /* Search Screen */,
				ECDA95722648E81400970744 /* Library Screen */,
			);
			path = Cores;
			sourceTree = "<group>";
		};
		EC763CD02654FE7900A148FF /* Playlist Cell */ = {
			isa = PBXGroup;
			children = (
				EC763CD12654FE9F00A148FF /* PlaylistCollectionViewCell.swift */,
				EC763CD22654FE9F00A148FF /* PlaylistCollectionViewCell.xib */,
				EC763CDA265507DB00A148FF /* AddPlaylistCollectionViewCell.swift */,
				EC763CDB265507DB00A148FF /* AddPlaylistCollectionViewCell.xib */,
			);
			path = "Playlist Cell";
			sourceTree = "<group>";
		};
		EC763CD52654FF8B00A148FF /* Track Cell */ = {
			isa = PBXGroup;
			children = (
				EC763CD62654FFB800A148FF /* TrackCollectionViewCell.swift */,
				EC763CD72654FFB800A148FF /* TrackCollectionViewCell.xib */,
			);
			path = "Track Cell";
			sourceTree = "<group>";
		};
		EC79C74E26522CC50063EB28 /* Search Result Cell */ = {
			isa = PBXGroup;
			children = (
				EC79C74F26522CF80063EB28 /* SearchResultsCellCollectionViewCell.swift */,
				EC79C75026522CF80063EB28 /* SearchResultsCellCollectionViewCell.xib */,
			);
			path = "Search Result Cell";
			sourceTree = "<group>";
		};
		EC7FEF132656AD300047DCE0 /* Track and Playlist Setting */ = {
			isa = PBXGroup;
			children = (
				EC7FEF192656B01E0047DCE0 /* Track and Playlist Setting Cell */,
				EC7FEF152656AD760047DCE0 /* TrackAndPlaylistSettingViewController.swift */,
				EC7FEF162656AD760047DCE0 /* TrackAndPlaylistSettingViewController.xib */,
			);
			path = "Track and Playlist Setting";
			sourceTree = "<group>";
		};
		EC7FEF192656B01E0047DCE0 /* Track and Playlist Setting Cell */ = {
			isa = PBXGroup;
			children = (
				EC7FEF1E2656B3760047DCE0 /* Detail Collection View Cell */,
				EC7FEF202656B38B0047DCE0 /* Option Collection View Cell */,
			);
			path = "Track and Playlist Setting Cell";
			sourceTree = "<group>";
		};
		EC7FEF1E2656B3760047DCE0 /* Detail Collection View Cell */ = {
			isa = PBXGroup;
			children = (
				EC7FEF212656B3B10047DCE0 /* DetailCollectionViewCell.swift */,
				EC7FEF222656B3B10047DCE0 /* DetailCollectionViewCell.xib */,
			);
			path = "Detail Collection View Cell";
			sourceTree = "<group>";
		};
		EC7FEF202656B38B0047DCE0 /* Option Collection View Cell */ = {
			isa = PBXGroup;
			children = (
				EC7FEF1A2656B0580047DCE0 /* OptionCollectionViewCell.swift */,
				EC7FEF1B2656B0580047DCE0 /* OptionCollectionViewCell.xib */,
			);
			path = "Option Collection View Cell";
			sourceTree = "<group>";
		};
		EC7FEF252656C6AA0047DCE0 /* Add New Song For Playlist Screen */ = {
			isa = PBXGroup;
			children = (
				EC7FEF2A2656D5190047DCE0 /* Add Song Cell */,
				EC7FEF262656C6CA0047DCE0 /* AddSongViewController.swift */,
				EC7FEF272656C6CA0047DCE0 /* AddSongViewController.xib */,
			);
			path = "Add New Song For Playlist Screen";
			sourceTree = "<group>";
		};
		EC7FEF2A2656D5190047DCE0 /* Add Song Cell */ = {
			isa = PBXGroup;
			children = (
				EC7FEF2B2656D54B0047DCE0 /* AddSongCellCollectionViewCell.swift */,
				EC7FEF2C2656D54B0047DCE0 /* AddSongCellCollectionViewCell.xib */,
			);
			path = "Add Song Cell";
			sourceTree = "<group>";
		};
		EC958C0D2658EB0A0039E67F /* List Playlist Screen */ = {
			isa = PBXGroup;
			children = (
				EC128A66265B7EF100D112F0 /* List Playlist Cell */,
				EC958C0E2658EB350039E67F /* ListPlaylistViewController.swift */,
				EC958C0F2658EB350039E67F /* ListPlaylistViewController.xib */,
			);
			path = "List Playlist Screen";
			sourceTree = "<group>";
		};
		ECA8AC8626515643008769F1 /* Search Screen Celll */ = {
			isa = PBXGroup;
			children = (
				ECA8AC8726515690008769F1 /* SearchByGenreCell */,
			);
			path = "Search Screen Celll";
			sourceTree = "<group>";
		};
		ECA8AC8726515690008769F1 /* SearchByGenreCell */ = {
			isa = PBXGroup;
			children = (
				ECA8AC88265156AD008769F1 /* SearchByGenreCollectionViewCell.swift */,
				ECA8AC89265156AD008769F1 /* SearchByGenreCollectionViewCell.xib */,
			);
			path = SearchByGenreCell;
			sourceTree = "<group>";
		};
		ECA8AC8C2651785D008769F1 /* Search Results Screen */ = {
			isa = PBXGroup;
			children = (
				EC79C74E26522CC50063EB28 /* Search Result Cell */,
				EC79C75326522FB00063EB28 /* SearchResultsViewController.swift */,
				EC79C75426522FB00063EB28 /* SearchResultsViewController.xib */,
			);
			path = "Search Results Screen";
			sourceTree = "<group>";
		};
		ECBC9EAB2657A96A000EC31D /* Play List Track Cell */ = {
			isa = PBXGroup;
			children = (
				ECBC9EAC2657A97F000EC31D /* PlaylistTrackCellCollectionViewCell.swift */,
				ECBC9EAD2657A97F000EC31D /* PlaylistTrackCellCollectionViewCell.xib */,
			);
			path = "Play List Track Cell";
			sourceTree = "<group>";
		};
		ECDA95682648E7D600970744 /* Home Screen */ = {
			isa = PBXGroup;
			children = (
				EC6B438B264B6ADA00D0825A /* Home Screen Cell */,
				ECDA95692648E7EE00970744 /* HomeViewController.swift */,
				ECDA956A2648E7EE00970744 /* HomeViewController.xib */,
			);
			path = "Home Screen";
			sourceTree = "<group>";
		};
		ECDA956D2648E7F200970744 /* Search Screen */ = {
			isa = PBXGroup;
			children = (
				ECA8AC8626515643008769F1 /* Search Screen Celll */,
				ECDA956E2648E80D00970744 /* SearchViewController.swift */,
				ECDA956F2648E80D00970744 /* SearchViewController.xib */,
			);
			path = "Search Screen";
			sourceTree = "<group>";
		};
		ECDA95722648E81400970744 /* Library Screen */ = {
			isa = PBXGroup;
			children = (
				EC763CD52654FF8B00A148FF /* Track Cell */,
				EC763CD02654FE7900A148FF /* Playlist Cell */,
				ECDA95732648E82500970744 /* LibraryViewController.swift */,
				ECDA95742648E82500970744 /* LibraryViewController.xib */,
			);
			path = "Library Screen";
			sourceTree = "<group>";
		};
		ECDA95772648F0B800970744 /* TabBar */ = {
			isa = PBXGroup;
			children = (
				EC72AA2F2648DF2600E2F4EC /* TabBarViewController.swift */,
				ECDA95782648F0D100970744 /* TabBarItems.swift */,
			);
			path = TabBar;
			sourceTree = "<group>";
		};
/* End PBXGroup section */

/* Begin PBXNativeTarget section */
		EC72AA102648DD8B00E2F4EC /* SCPlayer */ = {
			isa = PBXNativeTarget;
			buildConfigurationList = EC72AA252648DD8E00E2F4EC /* Build configuration list for PBXNativeTarget "SCPlayer" */;
			buildPhases = (
				EC6E64D2264D068B00C9037B /* Run SwiftLint */,
				EC72AA0D2648DD8B00E2F4EC /* Sources */,
				EC72AA0E2648DD8B00E2F4EC /* Frameworks */,
				EC72AA0F2648DD8B00E2F4EC /* Resources */,
			);
			buildRules = (
			);
			dependencies = (
			);
			name = SCPlayer;
			packageProductDependencies = (
				EC6B43A0264B8B2900D0825A /* Then */,
				EC6B43A3264B8B4100D0825A /* Reusable */,
				ECB9B16E2665FA17006239B4 /* SnapKit */,
			);
			productName = SCPlayer;
			productReference = EC72AA112648DD8B00E2F4EC /* SCPlayer.app */;
			productType = "com.apple.product-type.application";
		};
/* End PBXNativeTarget section */

/* Begin PBXProject section */
		EC72AA092648DD8B00E2F4EC /* Project object */ = {
			isa = PBXProject;
			attributes = {
				LastSwiftUpdateCheck = 1250;
				LastUpgradeCheck = 1250;
				TargetAttributes = {
					EC72AA102648DD8B00E2F4EC = {
						CreatedOnToolsVersion = 12.5;
					};
				};
			};
			buildConfigurationList = EC72AA0C2648DD8B00E2F4EC /* Build configuration list for PBXProject "SCPlayer" */;
			compatibilityVersion = "Xcode 9.3";
			developmentRegion = en;
			hasScannedForEncodings = 0;
			knownRegions = (
				en,
				Base,
			);
			mainGroup = EC72AA082648DD8B00E2F4EC;
			packageReferences = (
				EC6B439F264B8B2900D0825A /* XCRemoteSwiftPackageReference "Then" */,
				EC6B43A2264B8B4100D0825A /* XCRemoteSwiftPackageReference "Reusable" */,
				ECB9B16D2665FA17006239B4 /* XCRemoteSwiftPackageReference "SnapKit" */,
			);
			productRefGroup = EC72AA122648DD8B00E2F4EC /* Products */;
			projectDirPath = "";
			projectRoot = "";
			targets = (
				EC72AA102648DD8B00E2F4EC /* SCPlayer */,
			);
		};
/* End PBXProject section */

/* Begin PBXResourcesBuildPhase section */
		EC72AA0F2648DD8B00E2F4EC /* Resources */ = {
			isa = PBXResourcesBuildPhase;
			buildActionMask = 2147483647;
			files = (
				ECBC9EAF2657A97F000EC31D /* PlaylistTrackCellCollectionViewCell.xib in Resources */,
				EC763CD92654FFB800A148FF /* TrackCollectionViewCell.xib in Resources */,
				EC128A6A265B7F1D00D112F0 /* ListPlaylistCollectionViewCell.xib in Resources */,
				EC7FEF182656AD760047DCE0 /* TrackAndPlaylistSettingViewController.xib in Resources */,
				EC72AA212648DD8E00E2F4EC /* LaunchScreen.storyboard in Resources */,
				EC958C112658EB350039E67F /* ListPlaylistViewController.xib in Resources */,
				ECDA95762648E82500970744 /* LibraryViewController.xib in Resources */,
				EC763CDD265507DB00A148FF /* AddPlaylistCollectionViewCell.xib in Resources */,
				EC3FC3DD264BBF6500820D84 /* PlayerViewController.xib in Resources */,
				EC79C75226522CF80063EB28 /* SearchResultsCellCollectionViewCell.xib in Resources */,
				EC7FEF292656C6CA0047DCE0 /* AddSongViewController.xib in Resources */,
				EC72AA1E2648DD8E00E2F4EC /* Assets.xcassets in Resources */,
				EC6B4393264B6BBA00D0825A /* HomeListTrackCollectionViewCell.xib in Resources */,
				ECDA95712648E80D00970744 /* SearchViewController.xib in Resources */,
				EC6B439E264B75E300D0825A /* HomeTrackCollectionViewCell.xib in Resources */,
				EC763CD42654FE9F00A148FF /* PlaylistCollectionViewCell.xib in Resources */,
				EC7FEF1D2656B0580047DCE0 /* OptionCollectionViewCell.xib in Resources */,
				EC6B4397264B6CAA00D0825A /* HomeGenreLabelCollectionViewCell.xib in Resources */,
				EC237A9426555BC00053BBF9 /* PlaylistViewController.xib in Resources */,
				ECDA956C2648E7EE00970744 /* HomeViewController.xib in Resources */,
				EC237A9926555F680053BBF9 /* AddNewPlaylistViewController.xib in Resources */,
				EC79C75626522FB00063EB28 /* SearchResultsViewController.xib in Resources */,
				ECA8AC8B265156AD008769F1 /* SearchByGenreCollectionViewCell.xib in Resources */,
				EC7FEF242656B3B10047DCE0 /* DetailCollectionViewCell.xib in Resources */,
				EC7FEF2E2656D54B0047DCE0 /* AddSongCellCollectionViewCell.xib in Resources */,
			);
			runOnlyForDeploymentPostprocessing = 0;
		};
/* End PBXResourcesBuildPhase section */

/* Begin PBXShellScriptBuildPhase section */
		EC6E64D2264D068B00C9037B /* Run SwiftLint */ = {
			isa = PBXShellScriptBuildPhase;
			buildActionMask = 2147483647;
			files = (
			);
			inputFileListPaths = (
			);
			inputPaths = (
			);
			name = "Run SwiftLint";
			outputFileListPaths = (
			);
			outputPaths = (
			);
			runOnlyForDeploymentPostprocessing = 0;
			shellPath = /bin/sh;
			shellScript = "if which swiftlint >/dev/null; then\n  swiftlint\nelse\n  echo \"warning: SwiftLint not installed, download from https://github.com/realm/SwiftLint\"\nfi\n";
		};
/* End PBXShellScriptBuildPhase section */

/* Begin PBXSourcesBuildPhase section */
		EC72AA0D2648DD8B00E2F4EC /* Sources */ = {
			isa = PBXSourcesBuildPhase;
			buildActionMask = 2147483647;
			files = (
				EC73FC682655F83100F82771 /* LikedTrackEntity.swift in Sources */,
				EC7FEF282656C6CA0047DCE0 /* AddSongViewController.swift in Sources */,
				ECDA95702648E80D00970744 /* SearchViewController.swift in Sources */,
				EC73FC6A2656008F00F82771 /* PlaylistEntity.swift in Sources */,
				EC79C758265260A80063EB28 /* UIImageView+.swift in Sources */,
				EC73FC6C265600B700F82771 /* TrackEntity.swift in Sources */,
				EC7FEF2D2656D54B0047DCE0 /* AddSongCellCollectionViewCell.swift in Sources */,
				EC47C14826536887005C52B9 /* APIKey.swift in Sources */,
				EC49C802265E2FE700BE617B /* PlayMusic.swift in Sources */,
				ECDA95792648F0D100970744 /* TabBarItems.swift in Sources */,
				EC237A9326555BC00053BBF9 /* PlaylistViewController.swift in Sources */,
				EC763CD82654FFB800A148FF /* TrackCollectionViewCell.swift in Sources */,
				EC237A9826555F680053BBF9 /* AddNewPlaylistViewController.swift in Sources */,
				EC72AA152648DD8B00E2F4EC /* AppDelegate.swift in Sources */,
				EC7FEF232656B3B10047DCE0 /* DetailCollectionViewCell.swift in Sources */,
				EC6B439D264B75E300D0825A /* HomeTrackCollectionViewCell.swift in Sources */,
				ECE6333126600C5C009C6F08 /* PlayerModel.swift in Sources */,
				EC6519E6264A3048007BA2FD /* TrackModel.swift in Sources */,
				EC72AA302648DF2600E2F4EC /* TabBarViewController.swift in Sources */,
				EC6519E2264A303F007BA2FD /* URLString.swift in Sources */,
				ECA8AC8A265156AD008769F1 /* SearchByGenreCollectionViewCell.swift in Sources */,
				EC72AA172648DD8B00E2F4EC /* SceneDelegate.swift in Sources */,
				ECDA95752648E82500970744 /* LibraryViewController.swift in Sources */,
				ECDA956B2648E7EE00970744 /* HomeViewController.swift in Sources */,
				EC7FEF172656AD760047DCE0 /* TrackAndPlaylistSettingViewController.swift in Sources */,
				EC47C1422653678F005C52B9 /* Database.swift in Sources */,
				EC958C102658EB350039E67F /* ListPlaylistViewController.swift in Sources */,
				EC763CD32654FE9F00A148FF /* PlaylistCollectionViewCell.swift in Sources */,
				EC128A69265B7F1D00D112F0 /* ListPlaylistCollectionViewCell.swift in Sources */,
				EC6B4392264B6BBA00D0825A /* HomeListTrackCollectionViewCell.swift in Sources */,
				EC6B4399264B70F000D0825A /* UIView+.swift in Sources */,
				EC6B4396264B6CAA00D0825A /* HomeGenreLabelCollectionViewCell.swift in Sources */,
				EC7FEF1C2656B0580047DCE0 /* OptionCollectionViewCell.swift in Sources */,
				EC79C75126522CF80063EB28 /* SearchResultsCellCollectionViewCell.swift in Sources */,
				ECBC9EAE2657A97F000EC31D /* PlaylistTrackCellCollectionViewCell.swift in Sources */,
				EC763CDC265507DB00A148FF /* AddPlaylistCollectionViewCell.swift in Sources */,
				EC6519E3264A303F007BA2FD /* APIServices.swift in Sources */,
				EC6519E7264A3048007BA2FD /* UserModel.swift in Sources */,
				EC79C75526522FB00063EB28 /* SearchResultsViewController.swift in Sources */,
				EC3FC3DC264BBF6500820D84 /* PlayerViewController.swift in Sources */,
			);
			runOnlyForDeploymentPostprocessing = 0;
		};
/* End PBXSourcesBuildPhase section */

/* Begin PBXVariantGroup section */
		EC72AA1F2648DD8E00E2F4EC /* LaunchScreen.storyboard */ = {
			isa = PBXVariantGroup;
			children = (
				EC72AA202648DD8E00E2F4EC /* Base */,
			);
			name = LaunchScreen.storyboard;
			sourceTree = "<group>";
		};
/* End PBXVariantGroup section */

/* Begin XCBuildConfiguration section */
		EC72AA232648DD8E00E2F4EC /* Debug */ = {
			isa = XCBuildConfiguration;
			buildSettings = {
				ALWAYS_SEARCH_USER_PATHS = NO;
				CLANG_ANALYZER_NONNULL = YES;
				CLANG_ANALYZER_NUMBER_OBJECT_CONVERSION = YES_AGGRESSIVE;
				CLANG_CXX_LANGUAGE_STANDARD = "gnu++14";
				CLANG_CXX_LIBRARY = "libc++";
				CLANG_ENABLE_MODULES = YES;
				CLANG_ENABLE_OBJC_ARC = YES;
				CLANG_ENABLE_OBJC_WEAK = YES;
				CLANG_WARN_BLOCK_CAPTURE_AUTORELEASING = YES;
				CLANG_WARN_BOOL_CONVERSION = YES;
				CLANG_WARN_COMMA = YES;
				CLANG_WARN_CONSTANT_CONVERSION = YES;
				CLANG_WARN_DEPRECATED_OBJC_IMPLEMENTATIONS = YES;
				CLANG_WARN_DIRECT_OBJC_ISA_USAGE = YES_ERROR;
				CLANG_WARN_DOCUMENTATION_COMMENTS = YES;
				CLANG_WARN_EMPTY_BODY = YES;
				CLANG_WARN_ENUM_CONVERSION = YES;
				CLANG_WARN_INFINITE_RECURSION = YES;
				CLANG_WARN_INT_CONVERSION = YES;
				CLANG_WARN_NON_LITERAL_NULL_CONVERSION = YES;
				CLANG_WARN_OBJC_IMPLICIT_RETAIN_SELF = YES;
				CLANG_WARN_OBJC_LITERAL_CONVERSION = YES;
				CLANG_WARN_OBJC_ROOT_CLASS = YES_ERROR;
				CLANG_WARN_QUOTED_INCLUDE_IN_FRAMEWORK_HEADER = YES;
				CLANG_WARN_RANGE_LOOP_ANALYSIS = YES;
				CLANG_WARN_STRICT_PROTOTYPES = YES;
				CLANG_WARN_SUSPICIOUS_MOVE = YES;
				CLANG_WARN_UNGUARDED_AVAILABILITY = YES_AGGRESSIVE;
				CLANG_WARN_UNREACHABLE_CODE = YES;
				CLANG_WARN__DUPLICATE_METHOD_MATCH = YES;
				COPY_PHASE_STRIP = NO;
				DEBUG_INFORMATION_FORMAT = dwarf;
				ENABLE_STRICT_OBJC_MSGSEND = YES;
				ENABLE_TESTABILITY = YES;
				GCC_C_LANGUAGE_STANDARD = gnu11;
				GCC_DYNAMIC_NO_PIC = NO;
				GCC_NO_COMMON_BLOCKS = YES;
				GCC_OPTIMIZATION_LEVEL = 0;
				GCC_PREPROCESSOR_DEFINITIONS = (
					"DEBUG=1",
					"$(inherited)",
				);
				GCC_WARN_64_TO_32_BIT_CONVERSION = YES;
				GCC_WARN_ABOUT_RETURN_TYPE = YES_ERROR;
				GCC_WARN_UNDECLARED_SELECTOR = YES;
				GCC_WARN_UNINITIALIZED_AUTOS = YES_AGGRESSIVE;
				GCC_WARN_UNUSED_FUNCTION = YES;
				GCC_WARN_UNUSED_VARIABLE = YES;
				IPHONEOS_DEPLOYMENT_TARGET = 14.1;
				MTL_ENABLE_DEBUG_INFO = INCLUDE_SOURCE;
				MTL_FAST_MATH = YES;
				ONLY_ACTIVE_ARCH = YES;
				SDKROOT = iphoneos;
				SWIFT_ACTIVE_COMPILATION_CONDITIONS = DEBUG;
				SWIFT_OPTIMIZATION_LEVEL = "-Onone";
			};
			name = Debug;
		};
		EC72AA242648DD8E00E2F4EC /* Release */ = {
			isa = XCBuildConfiguration;
			buildSettings = {
				ALWAYS_SEARCH_USER_PATHS = NO;
				CLANG_ANALYZER_NONNULL = YES;
				CLANG_ANALYZER_NUMBER_OBJECT_CONVERSION = YES_AGGRESSIVE;
				CLANG_CXX_LANGUAGE_STANDARD = "gnu++14";
				CLANG_CXX_LIBRARY = "libc++";
				CLANG_ENABLE_MODULES = YES;
				CLANG_ENABLE_OBJC_ARC = YES;
				CLANG_ENABLE_OBJC_WEAK = YES;
				CLANG_WARN_BLOCK_CAPTURE_AUTORELEASING = YES;
				CLANG_WARN_BOOL_CONVERSION = YES;
				CLANG_WARN_COMMA = YES;
				CLANG_WARN_CONSTANT_CONVERSION = YES;
				CLANG_WARN_DEPRECATED_OBJC_IMPLEMENTATIONS = YES;
				CLANG_WARN_DIRECT_OBJC_ISA_USAGE = YES_ERROR;
				CLANG_WARN_DOCUMENTATION_COMMENTS = YES;
				CLANG_WARN_EMPTY_BODY = YES;
				CLANG_WARN_ENUM_CONVERSION = YES;
				CLANG_WARN_INFINITE_RECURSION = YES;
				CLANG_WARN_INT_CONVERSION = YES;
				CLANG_WARN_NON_LITERAL_NULL_CONVERSION = YES;
				CLANG_WARN_OBJC_IMPLICIT_RETAIN_SELF = YES;
				CLANG_WARN_OBJC_LITERAL_CONVERSION = YES;
				CLANG_WARN_OBJC_ROOT_CLASS = YES_ERROR;
				CLANG_WARN_QUOTED_INCLUDE_IN_FRAMEWORK_HEADER = YES;
				CLANG_WARN_RANGE_LOOP_ANALYSIS = YES;
				CLANG_WARN_STRICT_PROTOTYPES = YES;
				CLANG_WARN_SUSPICIOUS_MOVE = YES;
				CLANG_WARN_UNGUARDED_AVAILABILITY = YES_AGGRESSIVE;
				CLANG_WARN_UNREACHABLE_CODE = YES;
				CLANG_WARN__DUPLICATE_METHOD_MATCH = YES;
				COPY_PHASE_STRIP = NO;
				DEBUG_INFORMATION_FORMAT = "dwarf-with-dsym";
				ENABLE_NS_ASSERTIONS = NO;
				ENABLE_STRICT_OBJC_MSGSEND = YES;
				GCC_C_LANGUAGE_STANDARD = gnu11;
				GCC_NO_COMMON_BLOCKS = YES;
				GCC_WARN_64_TO_32_BIT_CONVERSION = YES;
				GCC_WARN_ABOUT_RETURN_TYPE = YES_ERROR;
				GCC_WARN_UNDECLARED_SELECTOR = YES;
				GCC_WARN_UNINITIALIZED_AUTOS = YES_AGGRESSIVE;
				GCC_WARN_UNUSED_FUNCTION = YES;
				GCC_WARN_UNUSED_VARIABLE = YES;
				IPHONEOS_DEPLOYMENT_TARGET = 14.1;
				MTL_ENABLE_DEBUG_INFO = NO;
				MTL_FAST_MATH = YES;
				SDKROOT = iphoneos;
				SWIFT_COMPILATION_MODE = wholemodule;
				SWIFT_OPTIMIZATION_LEVEL = "-O";
				VALIDATE_PRODUCT = YES;
			};
			name = Release;
		};
		EC72AA262648DD8E00E2F4EC /* Debug */ = {
			isa = XCBuildConfiguration;
			buildSettings = {
				ASSETCATALOG_COMPILER_APPICON_NAME = AppIcon;
				ASSETCATALOG_COMPILER_GLOBAL_ACCENT_COLOR_NAME = AccentColor;
				CODE_SIGN_STYLE = Automatic;
				DEVELOPMENT_TEAM = 7X6CSKVAS2;
				INFOPLIST_FILE = SCPlayer/Info.plist;
				LD_RUNPATH_SEARCH_PATHS = (
					"$(inherited)",
					"@executable_path/Frameworks",
				);
				PRODUCT_BUNDLE_IDENTIFIER = con.tk1.SCPlayer;
				PRODUCT_NAME = "$(TARGET_NAME)";
				SWIFT_VERSION = 5.0;
				TARGETED_DEVICE_FAMILY = "1,2";
			};
			name = Debug;
		};
		EC72AA272648DD8E00E2F4EC /* Release */ = {
			isa = XCBuildConfiguration;
			buildSettings = {
				ASSETCATALOG_COMPILER_APPICON_NAME = AppIcon;
				ASSETCATALOG_COMPILER_GLOBAL_ACCENT_COLOR_NAME = AccentColor;
				CODE_SIGN_STYLE = Automatic;
				DEVELOPMENT_TEAM = 7X6CSKVAS2;
				INFOPLIST_FILE = SCPlayer/Info.plist;
				LD_RUNPATH_SEARCH_PATHS = (
					"$(inherited)",
					"@executable_path/Frameworks",
				);
				PRODUCT_BUNDLE_IDENTIFIER = con.tk1.SCPlayer;
				PRODUCT_NAME = "$(TARGET_NAME)";
				SWIFT_VERSION = 5.0;
				TARGETED_DEVICE_FAMILY = "1,2";
			};
			name = Release;
		};
/* End XCBuildConfiguration section */

/* Begin XCConfigurationList section */
		EC72AA0C2648DD8B00E2F4EC /* Build configuration list for PBXProject "SCPlayer" */ = {
			isa = XCConfigurationList;
			buildConfigurations = (
				EC72AA232648DD8E00E2F4EC /* Debug */,
				EC72AA242648DD8E00E2F4EC /* Release */,
			);
			defaultConfigurationIsVisible = 0;
			defaultConfigurationName = Release;
		};
		EC72AA252648DD8E00E2F4EC /* Build configuration list for PBXNativeTarget "SCPlayer" */ = {
			isa = XCConfigurationList;
			buildConfigurations = (
				EC72AA262648DD8E00E2F4EC /* Debug */,
				EC72AA272648DD8E00E2F4EC /* Release */,
			);
			defaultConfigurationIsVisible = 0;
			defaultConfigurationName = Release;
		};
/* End XCConfigurationList section */

/* Begin XCRemoteSwiftPackageReference section */
		EC6B439F264B8B2900D0825A /* XCRemoteSwiftPackageReference "Then" */ = {
			isa = XCRemoteSwiftPackageReference;
			repositoryURL = "https://github.com/devxoul/Then";
			requirement = {
				kind = upToNextMajorVersion;
				minimumVersion = 2.7.0;
			};
		};
		EC6B43A2264B8B4100D0825A /* XCRemoteSwiftPackageReference "Reusable" */ = {
			isa = XCRemoteSwiftPackageReference;
			repositoryURL = "https://github.com/AliSoftware/Reusable";
			requirement = {
				kind = upToNextMajorVersion;
				minimumVersion = 4.1.1;
			};
		};
		ECB9B16D2665FA17006239B4 /* XCRemoteSwiftPackageReference "SnapKit" */ = {
			isa = XCRemoteSwiftPackageReference;
			repositoryURL = "https://github.com/SnapKit/SnapKit";
			requirement = {
				kind = upToNextMajorVersion;
				minimumVersion = 5.0.1;
			};
		};
/* End XCRemoteSwiftPackageReference section */

/* Begin XCSwiftPackageProductDependency section */
		EC6B43A0264B8B2900D0825A /* Then */ = {
			isa = XCSwiftPackageProductDependency;
			package = EC6B439F264B8B2900D0825A /* XCRemoteSwiftPackageReference "Then" */;
			productName = Then;
		};
		EC6B43A3264B8B4100D0825A /* Reusable */ = {
			isa = XCSwiftPackageProductDependency;
			package = EC6B43A2264B8B4100D0825A /* XCRemoteSwiftPackageReference "Reusable" */;
			productName = Reusable;
		};
		ECB9B16E2665FA17006239B4 /* SnapKit */ = {
			isa = XCSwiftPackageProductDependency;
			package = ECB9B16D2665FA17006239B4 /* XCRemoteSwiftPackageReference "SnapKit" */;
			productName = SnapKit;
		};
/* End XCSwiftPackageProductDependency section */
	};
	rootObject = EC72AA092648DD8B00E2F4EC /* Project object */;
}
